// !$*UTF8*$!
{
	archiveVersion = 1;
	classes = {
	};
	objectVersion = 56;
	objects = {

/* Begin PBXBuildFile section */
		CF22A5EE2BD5662B00F309E7 /* GeometryEffectView.swift in Sources */ = {isa = PBXBuildFile; fileRef = CF22A5ED2BD5662B00F309E7 /* GeometryEffectView.swift */; };
		CF95FBE92BDA2292004A71D5 /* CardEffect.swift in Sources */ = {isa = PBXBuildFile; fileRef = CF95FBE82BDA2292004A71D5 /* CardEffect.swift */; };
		CFA23C342BD4EED9007316F7 /* SwiftUIFunApp.swift in Sources */ = {isa = PBXBuildFile; fileRef = CFA23C332BD4EED9007316F7 /* SwiftUIFunApp.swift */; };
		CFA23C362BD4EED9007316F7 /* ContentView.swift in Sources */ = {isa = PBXBuildFile; fileRef = CFA23C352BD4EED9007316F7 /* ContentView.swift */; };
		CFA23C382BD4EEDA007316F7 /* Assets.xcassets in Resources */ = {isa = PBXBuildFile; fileRef = CFA23C372BD4EEDA007316F7 /* Assets.xcassets */; };
		CFA23C3B2BD4EEDA007316F7 /* Preview Assets.xcassets in Resources */ = {isa = PBXBuildFile; fileRef = CFA23C3A2BD4EEDA007316F7 /* Preview Assets.xcassets */; };
		CFA23C432BD4EEFA007316F7 /* VerticalPager.swift in Sources */ = {isa = PBXBuildFile; fileRef = CFA23C412BD4EEFA007316F7 /* VerticalPager.swift */; };
		CFA23C442BD4EEFA007316F7 /* ContentTransitionExample.swift in Sources */ = {isa = PBXBuildFile; fileRef = CFA23C422BD4EEFA007316F7 /* ContentTransitionExample.swift */; };
		CFCEADEE2BDA6E2B008A1973 /* Pow in Frameworks */ = {isa = PBXBuildFile; productRef = CFCEADED2BDA6E2B008A1973 /* Pow */; };
		CFDCAF6C2BD8DBFF00DBCB13 /* PlusJakartaSans-Bold.ttf in Resources */ = {isa = PBXBuildFile; fileRef = CFDCAF632BD8DBFF00DBCB13 /* PlusJakartaSans-Bold.ttf */; };
		CFDCAF6D2BD8DBFF00DBCB13 /* PlusJakartaSans-BoldItalic.ttf in Resources */ = {isa = PBXBuildFile; fileRef = CFDCAF642BD8DBFF00DBCB13 /* PlusJakartaSans-BoldItalic.ttf */; };
		CFDCAF6E2BD8DBFF00DBCB13 /* PlusJakartaSans-ExtraBold.ttf in Resources */ = {isa = PBXBuildFile; fileRef = CFDCAF652BD8DBFF00DBCB13 /* PlusJakartaSans-ExtraBold.ttf */; };
		CFDCAF6F2BD8DBFF00DBCB13 /* PlusJakartaSans-ExtraLight.ttf in Resources */ = {isa = PBXBuildFile; fileRef = CFDCAF662BD8DBFF00DBCB13 /* PlusJakartaSans-ExtraLight.ttf */; };
		CFDCAF702BD8DBFF00DBCB13 /* PlusJakartaSans-Light.ttf in Resources */ = {isa = PBXBuildFile; fileRef = CFDCAF672BD8DBFF00DBCB13 /* PlusJakartaSans-Light.ttf */; };
		CFDCAF712BD8DBFF00DBCB13 /* PlusJakartaSans-Medium.ttf in Resources */ = {isa = PBXBuildFile; fileRef = CFDCAF682BD8DBFF00DBCB13 /* PlusJakartaSans-Medium.ttf */; };
		CFDCAF722BD8DBFF00DBCB13 /* PlusJakartaSans-Regular.ttf in Resources */ = {isa = PBXBuildFile; fileRef = CFDCAF692BD8DBFF00DBCB13 /* PlusJakartaSans-Regular.ttf */; };
		CFDCAF732BD8DBFF00DBCB13 /* PlusJakartaSans-SemiBold.ttf in Resources */ = {isa = PBXBuildFile; fileRef = CFDCAF6A2BD8DBFF00DBCB13 /* PlusJakartaSans-SemiBold.ttf */; };
		CFDCAF752BD8DC6E00DBCB13 /* UIImage+.swift in Sources */ = {isa = PBXBuildFile; fileRef = CFDCAF742BD8DC6E00DBCB13 /* UIImage+.swift */; };
		CFDCAF772BD8DC7600DBCB13 /* String+.swift in Sources */ = {isa = PBXBuildFile; fileRef = CFDCAF762BD8DC7600DBCB13 /* String+.swift */; };
		CFDCAF7A2BD8DCB400DBCB13 /* FontHelper.swift in Sources */ = {isa = PBXBuildFile; fileRef = CFDCAF792BD8DCB400DBCB13 /* FontHelper.swift */; };
		CFDCAF7D2BD8DD1900DBCB13 /* Font+.swift in Sources */ = {isa = PBXBuildFile; fileRef = CFDCAF7C2BD8DD1900DBCB13 /* Font+.swift */; };
/* End PBXBuildFile section */

/* Begin PBXFileReference section */
		CF22A5ED2BD5662B00F309E7 /* GeometryEffectView.swift */ = {isa = PBXFileReference; lastKnownFileType = sourcecode.swift; path = GeometryEffectView.swift; sourceTree = "<group>"; };
		CF95FBE82BDA2292004A71D5 /* CardEffect.swift */ = {isa = PBXFileReference; lastKnownFileType = sourcecode.swift; path = CardEffect.swift; sourceTree = "<group>"; };
		CFA23C302BD4EED9007316F7 /* SwiftUIFun.app */ = {isa = PBXFileReference; explicitFileType = wrapper.application; includeInIndex = 0; path = SwiftUIFun.app; sourceTree = BUILT_PRODUCTS_DIR; };
		CFA23C332BD4EED9007316F7 /* SwiftUIFunApp.swift */ = {isa = PBXFileReference; lastKnownFileType = sourcecode.swift; path = SwiftUIFunApp.swift; sourceTree = "<group>"; };
		CFA23C352BD4EED9007316F7 /* ContentView.swift */ = {isa = PBXFileReference; lastKnownFileType = sourcecode.swift; path = ContentView.swift; sourceTree = "<group>"; };
		CFA23C372BD4EEDA007316F7 /* Assets.xcassets */ = {isa = PBXFileReference; lastKnownFileType = folder.assetcatalog; path = Assets.xcassets; sourceTree = "<group>"; };
		CFA23C3A2BD4EEDA007316F7 /* Preview Assets.xcassets */ = {isa = PBXFileReference; lastKnownFileType = folder.assetcatalog; path = "Preview Assets.xcassets"; sourceTree = "<group>"; };
		CFA23C412BD4EEFA007316F7 /* VerticalPager.swift */ = {isa = PBXFileReference; fileEncoding = 4; lastKnownFileType = sourcecode.swift; path = VerticalPager.swift; sourceTree = "<group>"; };
		CFA23C422BD4EEFA007316F7 /* ContentTransitionExample.swift */ = {isa = PBXFileReference; fileEncoding = 4; lastKnownFileType = sourcecode.swift; path = ContentTransitionExample.swift; sourceTree = "<group>"; };
		CFDCAF622BD8DB5100DBCB13 /* Info.plist */ = {isa = PBXFileReference; lastKnownFileType = text.plist; path = Info.plist; sourceTree = "<group>"; };
		CFDCAF632BD8DBFF00DBCB13 /* PlusJakartaSans-Bold.ttf */ = {isa = PBXFileReference; lastKnownFileType = file; path = "PlusJakartaSans-Bold.ttf"; sourceTree = "<group>"; };
		CFDCAF642BD8DBFF00DBCB13 /* PlusJakartaSans-BoldItalic.ttf */ = {isa = PBXFileReference; lastKnownFileType = file; path = "PlusJakartaSans-BoldItalic.ttf"; sourceTree = "<group>"; };
		CFDCAF652BD8DBFF00DBCB13 /* PlusJakartaSans-ExtraBold.ttf */ = {isa = PBXFileReference; lastKnownFileType = file; path = "PlusJakartaSans-ExtraBold.ttf"; sourceTree = "<group>"; };
		CFDCAF662BD8DBFF00DBCB13 /* PlusJakartaSans-ExtraLight.ttf */ = {isa = PBXFileReference; lastKnownFileType = file; path = "PlusJakartaSans-ExtraLight.ttf"; sourceTree = "<group>"; };
		CFDCAF672BD8DBFF00DBCB13 /* PlusJakartaSans-Light.ttf */ = {isa = PBXFileReference; lastKnownFileType = file; path = "PlusJakartaSans-Light.ttf"; sourceTree = "<group>"; };
		CFDCAF682BD8DBFF00DBCB13 /* PlusJakartaSans-Medium.ttf */ = {isa = PBXFileReference; lastKnownFileType = file; path = "PlusJakartaSans-Medium.ttf"; sourceTree = "<group>"; };
		CFDCAF692BD8DBFF00DBCB13 /* PlusJakartaSans-Regular.ttf */ = {isa = PBXFileReference; lastKnownFileType = file; path = "PlusJakartaSans-Regular.ttf"; sourceTree = "<group>"; };
		CFDCAF6A2BD8DBFF00DBCB13 /* PlusJakartaSans-SemiBold.ttf */ = {isa = PBXFileReference; lastKnownFileType = file; path = "PlusJakartaSans-SemiBold.ttf"; sourceTree = "<group>"; };
		CFDCAF742BD8DC6E00DBCB13 /* UIImage+.swift */ = {isa = PBXFileReference; lastKnownFileType = sourcecode.swift; path = "UIImage+.swift"; sourceTree = "<group>"; };
		CFDCAF762BD8DC7600DBCB13 /* String+.swift */ = {isa = PBXFileReference; lastKnownFileType = sourcecode.swift; path = "String+.swift"; sourceTree = "<group>"; };
		CFDCAF792BD8DCB400DBCB13 /* FontHelper.swift */ = {isa = PBXFileReference; lastKnownFileType = sourcecode.swift; path = FontHelper.swift; sourceTree = "<group>"; };
		CFDCAF7C2BD8DD1900DBCB13 /* Font+.swift */ = {isa = PBXFileReference; lastKnownFileType = sourcecode.swift; path = "Font+.swift"; sourceTree = "<group>"; };
/* End PBXFileReference section */

/* Begin PBXFrameworksBuildPhase section */
		CFA23C2D2BD4EED9007316F7 /* Frameworks */ = {
			isa = PBXFrameworksBuildPhase;
			buildActionMask = 2147483647;
			files = (
				CFCEADEE2BDA6E2B008A1973 /* Pow in Frameworks */,
			);
			runOnlyForDeploymentPostprocessing = 0;
		};
/* End PBXFrameworksBuildPhase section */

/* Begin PBXGroup section */
		CFA23C272BD4EED9007316F7 = {
			isa = PBXGroup;
			children = (
				CFA23C322BD4EED9007316F7 /* SwiftUIFun */,
				CFA23C312BD4EED9007316F7 /* Products */,
			);
			sourceTree = "<group>";
		};
		CFA23C312BD4EED9007316F7 /* Products */ = {
			isa = PBXGroup;
			children = (
				CFA23C302BD4EED9007316F7 /* SwiftUIFun.app */,
			);
			name = Products;
			sourceTree = "<group>";
		};
		CFA23C322BD4EED9007316F7 /* SwiftUIFun */ = {
			isa = PBXGroup;
			children = (
				CFDCAF6B2BD8DBFF00DBCB13 /* Fonts */,
				CFDCAF622BD8DB5100DBCB13 /* Info.plist */,
				CFA23C332BD4EED9007316F7 /* SwiftUIFunApp.swift */,
				CFA23C352BD4EED9007316F7 /* ContentView.swift */,
				CFA23C422BD4EEFA007316F7 /* ContentTransitionExample.swift */,
				CFA23C412BD4EEFA007316F7 /* VerticalPager.swift */,
				CF22A5ED2BD5662B00F309E7 /* GeometryEffectView.swift */,
				CF95FBE82BDA2292004A71D5 /* CardEffect.swift */,
				CFA23C372BD4EEDA007316F7 /* Assets.xcassets */,
				CFA23C392BD4EEDA007316F7 /* Preview Content */,
				CFDCAF782BD8DC7800DBCB13 /* Extensions */,
				CFDCAF7B2BD8DD0600DBCB13 /* Helpers */,
			);
			path = SwiftUIFun;
			sourceTree = "<group>";
		};
		CFA23C392BD4EEDA007316F7 /* Preview Content */ = {
			isa = PBXGroup;
			children = (
				CFA23C3A2BD4EEDA007316F7 /* Preview Assets.xcassets */,
			);
			path = "Preview Content";
			sourceTree = "<group>";
		};
		CFDCAF6B2BD8DBFF00DBCB13 /* Fonts */ = {
			isa = PBXGroup;
			children = (
				CFDCAF632BD8DBFF00DBCB13 /* PlusJakartaSans-Bold.ttf */,
				CFDCAF642BD8DBFF00DBCB13 /* PlusJakartaSans-BoldItalic.ttf */,
				CFDCAF652BD8DBFF00DBCB13 /* PlusJakartaSans-ExtraBold.ttf */,
				CFDCAF662BD8DBFF00DBCB13 /* PlusJakartaSans-ExtraLight.ttf */,
				CFDCAF672BD8DBFF00DBCB13 /* PlusJakartaSans-Light.ttf */,
				CFDCAF682BD8DBFF00DBCB13 /* PlusJakartaSans-Medium.ttf */,
				CFDCAF692BD8DBFF00DBCB13 /* PlusJakartaSans-Regular.ttf */,
				CFDCAF6A2BD8DBFF00DBCB13 /* PlusJakartaSans-SemiBold.ttf */,
			);
			path = Fonts;
			sourceTree = "<group>";
		};
		CFDCAF782BD8DC7800DBCB13 /* Extensions */ = {
			isa = PBXGroup;
			children = (
				CFDCAF742BD8DC6E00DBCB13 /* UIImage+.swift */,
				CFDCAF762BD8DC7600DBCB13 /* String+.swift */,
				CFDCAF7C2BD8DD1900DBCB13 /* Font+.swift */,
			);
			path = Extensions;
			sourceTree = "<group>";
		};
		CFDCAF7B2BD8DD0600DBCB13 /* Helpers */ = {
			isa = PBXGroup;
			children = (
				CFDCAF792BD8DCB400DBCB13 /* FontHelper.swift */,
			);
			path = Helpers;
			sourceTree = "<group>";
		};
/* End PBXGroup section */

/* Begin PBXNativeTarget section */
		CFA23C2F2BD4EED9007316F7 /* SwiftUIFun */ = {
			isa = PBXNativeTarget;
			buildConfigurationList = CFA23C3E2BD4EEDA007316F7 /* Build configuration list for PBXNativeTarget "SwiftUIFun" */;
			buildPhases = (
				CFA23C2C2BD4EED9007316F7 /* Sources */,
				CFA23C2D2BD4EED9007316F7 /* Frameworks */,
				CFA23C2E2BD4EED9007316F7 /* Resources */,
			);
			buildRules = (
			);
			dependencies = (
			);
			name = SwiftUIFun;
			packageProductDependencies = (
				CFCEADED2BDA6E2B008A1973 /* Pow */,
			);
			productName = SwiftUIFun;
			productReference = CFA23C302BD4EED9007316F7 /* SwiftUIFun.app */;
			productType = "com.apple.product-type.application";
		};
/* End PBXNativeTarget section */

/* Begin PBXProject section */
		CFA23C282BD4EED9007316F7 /* Project object */ = {
			isa = PBXProject;
			attributes = {
				BuildIndependentTargetsInParallel = 1;
				LastSwiftUpdateCheck = 1530;
				LastUpgradeCheck = 1530;
				TargetAttributes = {
					CFA23C2F2BD4EED9007316F7 = {
						CreatedOnToolsVersion = 15.3;
					};
				};
			};
			buildConfigurationList = CFA23C2B2BD4EED9007316F7 /* Build configuration list for PBXProject "SwiftUIFun" */;
			compatibilityVersion = "Xcode 14.0";
			developmentRegion = en;
			hasScannedForEncodings = 0;
			knownRegions = (
				en,
				Base,
			);
			mainGroup = CFA23C272BD4EED9007316F7;
			packageReferences = (
				CFCEADEC2BDA6E2B008A1973 /* XCRemoteSwiftPackageReference "Pow" */,
			);
			productRefGroup = CFA23C312BD4EED9007316F7 /* Products */;
			projectDirPath = "";
			projectRoot = "";
			targets = (
				CFA23C2F2BD4EED9007316F7 /* SwiftUIFun */,
			);
		};
/* End PBXProject section */

/* Begin PBXResourcesBuildPhase section */
		CFA23C2E2BD4EED9007316F7 /* Resources */ = {
			isa = PBXResourcesBuildPhase;
			buildActionMask = 2147483647;
			files = (
				CFDCAF6C2BD8DBFF00DBCB13 /* PlusJakartaSans-Bold.ttf in Resources */,
				CFDCAF6E2BD8DBFF00DBCB13 /* PlusJakartaSans-ExtraBold.ttf in Resources */,
				CFDCAF702BD8DBFF00DBCB13 /* PlusJakartaSans-Light.ttf in Resources */,
				CFDCAF712BD8DBFF00DBCB13 /* PlusJakartaSans-Medium.ttf in Resources */,
				CFDCAF6D2BD8DBFF00DBCB13 /* PlusJakartaSans-BoldItalic.ttf in Resources */,
				CFA23C3B2BD4EEDA007316F7 /* Preview Assets.xcassets in Resources */,
				CFDCAF6F2BD8DBFF00DBCB13 /* PlusJakartaSans-ExtraLight.ttf in Resources */,
				CFDCAF732BD8DBFF00DBCB13 /* PlusJakartaSans-SemiBold.ttf in Resources */,
				CFDCAF722BD8DBFF00DBCB13 /* PlusJakartaSans-Regular.ttf in Resources */,
				CFA23C382BD4EEDA007316F7 /* Assets.xcassets in Resources */,
			);
			runOnlyForDeploymentPostprocessing = 0;
		};
/* End PBXResourcesBuildPhase section */

/* Begin PBXSourcesBuildPhase section */
		CFA23C2C2BD4EED9007316F7 /* Sources */ = {
			isa = PBXSourcesBuildPhase;
			buildActionMask = 2147483647;
			files = (
				CFA23C432BD4EEFA007316F7 /* VerticalPager.swift in Sources */,
				CFA23C362BD4EED9007316F7 /* ContentView.swift in Sources */,
				CFDCAF7A2BD8DCB400DBCB13 /* FontHelper.swift in Sources */,
				CFDCAF7D2BD8DD1900DBCB13 /* Font+.swift in Sources */,
				CFA23C342BD4EED9007316F7 /* SwiftUIFunApp.swift in Sources */,
				CFDCAF752BD8DC6E00DBCB13 /* UIImage+.swift in Sources */,
				CF95FBE92BDA2292004A71D5 /* CardEffect.swift in Sources */,
				CF22A5EE2BD5662B00F309E7 /* GeometryEffectView.swift in Sources */,
				CFDCAF772BD8DC7600DBCB13 /* String+.swift in Sources */,
				CFA23C442BD4EEFA007316F7 /* ContentTransitionExample.swift in Sources */,
			);
			runOnlyForDeploymentPostprocessing = 0;
		};
/* End PBXSourcesBuildPhase section */

/* Begin XCBuildConfiguration section */
		CFA23C3C2BD4EEDA007316F7 /* Debug */ = {
			isa = XCBuildConfiguration;
			buildSettings = {
				ALWAYS_SEARCH_USER_PATHS = NO;
				ASSETCATALOG_COMPILER_GENERATE_SWIFT_ASSET_SYMBOL_EXTENSIONS = YES;
				CLANG_ANALYZER_NONNULL = YES;
				CLANG_ANALYZER_NUMBER_OBJECT_CONVERSION = YES_AGGRESSIVE;
				CLANG_CXX_LANGUAGE_STANDARD = "gnu++20";
				CLANG_ENABLE_MODULES = YES;
				CLANG_ENABLE_OBJC_ARC = YES;
				CLANG_ENABLE_OBJC_WEAK = YES;
				CLANG_WARN_BLOCK_CAPTURE_AUTORELEASING = YES;
				CLANG_WARN_BOOL_CONVERSION = YES;
				CLANG_WARN_COMMA = YES;
				CLANG_WARN_CONSTANT_CONVERSION = YES;
				CLANG_WARN_DEPRECATED_OBJC_IMPLEMENTATIONS = YES;
				CLANG_WARN_DIRECT_OBJC_ISA_USAGE = YES_ERROR;
				CLANG_WARN_DOCUMENTATION_COMMENTS = YES;
				CLANG_WARN_EMPTY_BODY = YES;
				CLANG_WARN_ENUM_CONVERSION = YES;
				CLANG_WARN_INFINITE_RECURSION = YES;
				CLANG_WARN_INT_CONVERSION = YES;
				CLANG_WARN_NON_LITERAL_NULL_CONVERSION = YES;
				CLANG_WARN_OBJC_IMPLICIT_RETAIN_SELF = YES;
				CLANG_WARN_OBJC_LITERAL_CONVERSION = YES;
				CLANG_WARN_OBJC_ROOT_CLASS = YES_ERROR;
				CLANG_WARN_QUOTED_INCLUDE_IN_FRAMEWORK_HEADER = YES;
				CLANG_WARN_RANGE_LOOP_ANALYSIS = YES;
				CLANG_WARN_STRICT_PROTOTYPES = YES;
				CLANG_WARN_SUSPICIOUS_MOVE = YES;
				CLANG_WARN_UNGUARDED_AVAILABILITY = YES_AGGRESSIVE;
				CLANG_WARN_UNREACHABLE_CODE = YES;
				CLANG_WARN__DUPLICATE_METHOD_MATCH = YES;
				COPY_PHASE_STRIP = NO;
				DEBUG_INFORMATION_FORMAT = dwarf;
				ENABLE_STRICT_OBJC_MSGSEND = YES;
				ENABLE_TESTABILITY = YES;
				ENABLE_USER_SCRIPT_SANDBOXING = YES;
				GCC_C_LANGUAGE_STANDARD = gnu17;
				GCC_DYNAMIC_NO_PIC = NO;
				GCC_NO_COMMON_BLOCKS = YES;
				GCC_OPTIMIZATION_LEVEL = 0;
				GCC_PREPROCESSOR_DEFINITIONS = (
					"DEBUG=1",
					"$(inherited)",
				);
				GCC_WARN_64_TO_32_BIT_CONVERSION = YES;
				GCC_WARN_ABOUT_RETURN_TYPE = YES_ERROR;
				GCC_WARN_UNDECLARED_SELECTOR = YES;
				GCC_WARN_UNINITIALIZED_AUTOS = YES_AGGRESSIVE;
				GCC_WARN_UNUSED_FUNCTION = YES;
				GCC_WARN_UNUSED_VARIABLE = YES;
				IPHONEOS_DEPLOYMENT_TARGET = 17.4;
				LOCALIZATION_PREFERS_STRING_CATALOGS = YES;
				MTL_ENABLE_DEBUG_INFO = INCLUDE_SOURCE;
				MTL_FAST_MATH = YES;
				ONLY_ACTIVE_ARCH = YES;
				SDKROOT = iphoneos;
				SWIFT_ACTIVE_COMPILATION_CONDITIONS = "DEBUG $(inherited)";
				SWIFT_OPTIMIZATION_LEVEL = "-Onone";
			};
			name = Debug;
		};
		CFA23C3D2BD4EEDA007316F7 /* Release */ = {
			isa = XCBuildConfiguration;
			buildSettings = {
				ALWAYS_SEARCH_USER_PATHS = NO;
				ASSETCATALOG_COMPILER_GENERATE_SWIFT_ASSET_SYMBOL_EXTENSIONS = YES;
				CLANG_ANALYZER_NONNULL = YES;
				CLANG_ANALYZER_NUMBER_OBJECT_CONVERSION = YES_AGGRESSIVE;
				CLANG_CXX_LANGUAGE_STANDARD = "gnu++20";
				CLANG_ENABLE_MODULES = YES;
				CLANG_ENABLE_OBJC_ARC = YES;
				CLANG_ENABLE_OBJC_WEAK = YES;
				CLANG_WARN_BLOCK_CAPTURE_AUTORELEASING = YES;
				CLANG_WARN_BOOL_CONVERSION = YES;
				CLANG_WARN_COMMA = YES;
				CLANG_WARN_CONSTANT_CONVERSION = YES;
				CLANG_WARN_DEPRECATED_OBJC_IMPLEMENTATIONS = YES;
				CLANG_WARN_DIRECT_OBJC_ISA_USAGE = YES_ERROR;
				CLANG_WARN_DOCUMENTATION_COMMENTS = YES;
				CLANG_WARN_EMPTY_BODY = YES;
				CLANG_WARN_ENUM_CONVERSION = YES;
				CLANG_WARN_INFINITE_RECURSION = YES;
				CLANG_WARN_INT_CONVERSION = YES;
				CLANG_WARN_NON_LITERAL_NULL_CONVERSION = YES;
				CLANG_WARN_OBJC_IMPLICIT_RETAIN_SELF = YES;
				CLANG_WARN_OBJC_LITERAL_CONVERSION = YES;
				CLANG_WARN_OBJC_ROOT_CLASS = YES_ERROR;
				CLANG_WARN_QUOTED_INCLUDE_IN_FRAMEWORK_HEADER = YES;
				CLANG_WARN_RANGE_LOOP_ANALYSIS = YES;
				CLANG_WARN_STRICT_PROTOTYPES = YES;
				CLANG_WARN_SUSPICIOUS_MOVE = YES;
				CLANG_WARN_UNGUARDED_AVAILABILITY = YES_AGGRESSIVE;
				CLANG_WARN_UNREACHABLE_CODE = YES;
				CLANG_WARN__DUPLICATE_METHOD_MATCH = YES;
				COPY_PHASE_STRIP = NO;
				DEBUG_INFORMATION_FORMAT = "dwarf-with-dsym";
				ENABLE_NS_ASSERTIONS = NO;
				ENABLE_STRICT_OBJC_MSGSEND = YES;
				ENABLE_USER_SCRIPT_SANDBOXING = YES;
				GCC_C_LANGUAGE_STANDARD = gnu17;
				GCC_NO_COMMON_BLOCKS = YES;
				GCC_WARN_64_TO_32_BIT_CONVERSION = YES;
				GCC_WARN_ABOUT_RETURN_TYPE = YES_ERROR;
				GCC_WARN_UNDECLARED_SELECTOR = YES;
				GCC_WARN_UNINITIALIZED_AUTOS = YES_AGGRESSIVE;
				GCC_WARN_UNUSED_FUNCTION = YES;
				GCC_WARN_UNUSED_VARIABLE = YES;
				IPHONEOS_DEPLOYMENT_TARGET = 17.4;
				LOCALIZATION_PREFERS_STRING_CATALOGS = YES;
				MTL_ENABLE_DEBUG_INFO = NO;
				MTL_FAST_MATH = YES;
				SDKROOT = iphoneos;
				SWIFT_COMPILATION_MODE = wholemodule;
				VALIDATE_PRODUCT = YES;
			};
			name = Release;
		};
		CFA23C3F2BD4EEDA007316F7 /* Debug */ = {
			isa = XCBuildConfiguration;
			buildSettings = {
				ASSETCATALOG_COMPILER_APPICON_NAME = AppIcon;
				ASSETCATALOG_COMPILER_GLOBAL_ACCENT_COLOR_NAME = AccentColor;
				CODE_SIGN_STYLE = Automatic;
				CURRENT_PROJECT_VERSION = 1;
				DEVELOPMENT_ASSET_PATHS = "\"SwiftUIFun/Preview Content\"";
				DEVELOPMENT_TEAM = SJ64B32FPH;
				ENABLE_PREVIEWS = YES;
				GENERATE_INFOPLIST_FILE = YES;
				INFOPLIST_FILE = SwiftUIFun/Info.plist;
				INFOPLIST_KEY_UIApplicationSceneManifest_Generation = YES;
				INFOPLIST_KEY_UIApplicationSupportsIndirectInputEvents = YES;
				INFOPLIST_KEY_UILaunchScreen_Generation = YES;
				INFOPLIST_KEY_UISupportedInterfaceOrientations_iPad = "UIInterfaceOrientationPortrait UIInterfaceOrientationPortraitUpsideDown UIInterfaceOrientationLandscapeLeft UIInterfaceOrientationLandscapeRight";
				INFOPLIST_KEY_UISupportedInterfaceOrientations_iPhone = "UIInterfaceOrientationPortrait UIInterfaceOrientationLandscapeLeft UIInterfaceOrientationLandscapeRight";
				LD_RUNPATH_SEARCH_PATHS = (
					"$(inherited)",
					"@executable_path/Frameworks",
				);
				MARKETING_VERSION = 1.0;
				PRODUCT_BUNDLE_IDENTIFIER = com.rajraval.SwiftUIFun;
				PRODUCT_NAME = "$(TARGET_NAME)";
				SWIFT_EMIT_LOC_STRINGS = YES;
				SWIFT_VERSION = 5.0;
				TARGETED_DEVICE_FAMILY = "1,2";
			};
			name = Debug;
		};
		CFA23C402BD4EEDA007316F7 /* Release */ = {
			isa = XCBuildConfiguration;
			buildSettings = {
				ASSETCATALOG_COMPILER_APPICON_NAME = AppIcon;
				ASSETCATALOG_COMPILER_GLOBAL_ACCENT_COLOR_NAME = AccentColor;
				CODE_SIGN_STYLE = Automatic;
				CURRENT_PROJECT_VERSION = 1;
				DEVELOPMENT_ASSET_PATHS = "\"SwiftUIFun/Preview Content\"";
				DEVELOPMENT_TEAM = SJ64B32FPH;
				ENABLE_PREVIEWS = YES;
				GENERATE_INFOPLIST_FILE = YES;
				INFOPLIST_FILE = SwiftUIFun/Info.plist;
				INFOPLIST_KEY_UIApplicationSceneManifest_Generation = YES;
				INFOPLIST_KEY_UIApplicationSupportsIndirectInputEvents = YES;
				INFOPLIST_KEY_UILaunchScreen_Generation = YES;
				INFOPLIST_KEY_UISupportedInterfaceOrientations_iPad = "UIInterfaceOrientationPortrait UIInterfaceOrientationPortraitUpsideDown UIInterfaceOrientationLandscapeLeft UIInterfaceOrientationLandscapeRight";
				INFOPLIST_KEY_UISupportedInterfaceOrientations_iPhone = "UIInterfaceOrientationPortrait UIInterfaceOrientationLandscapeLeft UIInterfaceOrientationLandscapeRight";
				LD_RUNPATH_SEARCH_PATHS = (
					"$(inherited)",
					"@executable_path/Frameworks",
				);
				MARKETING_VERSION = 1.0;
				PRODUCT_BUNDLE_IDENTIFIER = com.rajraval.SwiftUIFun;
				PRODUCT_NAME = "$(TARGET_NAME)";
				SWIFT_EMIT_LOC_STRINGS = YES;
				SWIFT_VERSION = 5.0;
				TARGETED_DEVICE_FAMILY = "1,2";
			};
			name = Release;
		};
/* End XCBuildConfiguration section */

/* Begin XCConfigurationList section */
		CFA23C2B2BD4EED9007316F7 /* Build configuration list for PBXProject "SwiftUIFun" */ = {
			isa = XCConfigurationList;
			buildConfigurations = (
				CFA23C3C2BD4EEDA007316F7 /* Debug */,
				CFA23C3D2BD4EEDA007316F7 /* Release */,
			);
			defaultConfigurationIsVisible = 0;
			defaultConfigurationName = Release;
		};
		CFA23C3E2BD4EEDA007316F7 /* Build configuration list for PBXNativeTarget "SwiftUIFun" */ = {
			isa = XCConfigurationList;
			buildConfigurations = (
				CFA23C3F2BD4EEDA007316F7 /* Debug */,
				CFA23C402BD4EEDA007316F7 /* Release */,
			);
			defaultConfigurationIsVisible = 0;
			defaultConfigurationName = Release;
		};
/* End XCConfigurationList section */

/* Begin XCRemoteSwiftPackageReference section */
		CFCEADEC2BDA6E2B008A1973 /* XCRemoteSwiftPackageReference "Pow" */ = {
			isa = XCRemoteSwiftPackageReference;
			repositoryURL = "https://github.com/EmergeTools/Pow";
			requirement = {
				kind = upToNextMajorVersion;
				minimumVersion = 1.0.3;
			};
		};
/* End XCRemoteSwiftPackageReference section */

/* Begin XCSwiftPackageProductDependency section */
		CFCEADED2BDA6E2B008A1973 /* Pow */ = {
			isa = XCSwiftPackageProductDependency;
			package = CFCEADEC2BDA6E2B008A1973 /* XCRemoteSwiftPackageReference "Pow" */;
			productName = Pow;
		};
/* End XCSwiftPackageProductDependency section */
	};
	rootObject = CFA23C282BD4EED9007316F7 /* Project object */;
}
